// !$*UTF8*$!
{
	archiveVersion = 1;
	classes = {
	};
	objectVersion = 46;
	objects = {

/* Begin PBXBuildFile section */
		200F83101C84F8ED00981933 /* KeyboardViewController.swift in Sources */ = {isa = PBXBuildFile; fileRef = 200F830F1C84F8ED00981933 /* KeyboardViewController.swift */; };
		2012D03D1D83490100AD9E5A /* Globe.png in Resources */ = {isa = PBXBuildFile; fileRef = 2012D03A1D83490100AD9E5A /* Globe.png */; };
		2012D03E1D83490100AD9E5A /* Globe@2x.png in Resources */ = {isa = PBXBuildFile; fileRef = 2012D03B1D83490100AD9E5A /* Globe@2x.png */; };
		2012D03F1D83490100AD9E5A /* Globe@3x.png in Resources */ = {isa = PBXBuildFile; fileRef = 2012D03C1D83490100AD9E5A /* Globe@3x.png */; };
		205706DF1A34E7C10009F9F1 /* AppDelegate.swift in Sources */ = {isa = PBXBuildFile; fileRef = 205706DE1A34E7C10009F9F1 /* AppDelegate.swift */; };
		205706E11A34E7C10009F9F1 /* ViewController.swift in Sources */ = {isa = PBXBuildFile; fileRef = 205706E01A34E7C10009F9F1 /* ViewController.swift */; };
		205706E41A34E7C10009F9F1 /* Main.storyboard in Resources */ = {isa = PBXBuildFile; fileRef = 205706E21A34E7C10009F9F1 /* Main.storyboard */; };
		205706E61A34E7C10009F9F1 /* Images.xcassets in Resources */ = {isa = PBXBuildFile; fileRef = 205706E51A34E7C10009F9F1 /* Images.xcassets */; };
		205706E91A34E7C10009F9F1 /* LaunchScreen.xib in Resources */ = {isa = PBXBuildFile; fileRef = 205706E71A34E7C10009F9F1 /* LaunchScreen.xib */; };
		205706F51A34E7C10009F9F1 /* Glyph_KeyboardTests.swift in Sources */ = {isa = PBXBuildFile; fileRef = 205706F41A34E7C10009F9F1 /* Glyph_KeyboardTests.swift */; };
		2057070A1A34E8700009F9F1 /* Unicode Symbols.appex in Embed App Extensions */ = {isa = PBXBuildFile; fileRef = 205707021A34E86F0009F9F1 /* Unicode Symbols.appex */; settings = {ATTRIBUTES = (RemoveHeadersOnCopy, ); }; };
		205FD2F71CB6D547000CBD0D /* HowToViewController.swift in Sources */ = {isa = PBXBuildFile; fileRef = 205FD2F61CB6D547000CBD0D /* HowToViewController.swift */; };
/* End PBXBuildFile section */

/* Begin PBXContainerItemProxy section */
		205706EF1A34E7C10009F9F1 /* PBXContainerItemProxy */ = {
			isa = PBXContainerItemProxy;
			containerPortal = 205706D11A34E7C00009F9F1 /* Project object */;
			proxyType = 1;
			remoteGlobalIDString = 205706D81A34E7C10009F9F1;
			remoteInfo = "Glyph Keyboard";
		};
		205707081A34E8700009F9F1 /* PBXContainerItemProxy */ = {
			isa = PBXContainerItemProxy;
			containerPortal = 205706D11A34E7C00009F9F1 /* Project object */;
			proxyType = 1;
			remoteGlobalIDString = 205707011A34E86F0009F9F1;
			remoteInfo = "Unicode Symbols";
		};
/* End PBXContainerItemProxy section */

/* Begin PBXCopyFilesBuildPhase section */
		2057070E1A34E8700009F9F1 /* Embed App Extensions */ = {
			isa = PBXCopyFilesBuildPhase;
			buildActionMask = 2147483647;
			dstPath = "";
			dstSubfolderSpec = 13;
			files = (
				2057070A1A34E8700009F9F1 /* Unicode Symbols.appex in Embed App Extensions */,
			);
			name = "Embed App Extensions";
			runOnlyForDeploymentPostprocessing = 0;
		};
/* End PBXCopyFilesBuildPhase section */

/* Begin PBXFileReference section */
		200F830F1C84F8ED00981933 /* KeyboardViewController.swift */ = {isa = PBXFileReference; fileEncoding = 4; lastKnownFileType = sourcecode.swift; path = KeyboardViewController.swift; sourceTree = "<group>"; };
		2012D03A1D83490100AD9E5A /* Globe.png */ = {isa = PBXFileReference; lastKnownFileType = image.png; path = Globe.png; sourceTree = "<group>"; };
		2012D03B1D83490100AD9E5A /* Globe@2x.png */ = {isa = PBXFileReference; lastKnownFileType = image.png; path = "Globe@2x.png"; sourceTree = "<group>"; };
		2012D03C1D83490100AD9E5A /* Globe@3x.png */ = {isa = PBXFileReference; lastKnownFileType = image.png; path = "Globe@3x.png"; sourceTree = "<group>"; };
		205706D91A34E7C10009F9F1 /* Glyph Keyboard.app */ = {isa = PBXFileReference; explicitFileType = wrapper.application; includeInIndex = 0; path = "Glyph Keyboard.app"; sourceTree = BUILT_PRODUCTS_DIR; };
		205706DD1A34E7C10009F9F1 /* Info.plist */ = {isa = PBXFileReference; lastKnownFileType = text.plist.xml; path = Info.plist; sourceTree = "<group>"; };
		205706DE1A34E7C10009F9F1 /* AppDelegate.swift */ = {isa = PBXFileReference; lastKnownFileType = sourcecode.swift; path = AppDelegate.swift; sourceTree = "<group>"; };
		205706E01A34E7C10009F9F1 /* ViewController.swift */ = {isa = PBXFileReference; lastKnownFileType = sourcecode.swift; path = ViewController.swift; sourceTree = "<group>"; };
		205706E31A34E7C10009F9F1 /* Base */ = {isa = PBXFileReference; lastKnownFileType = file.storyboard; name = Base; path = Base.lproj/Main.storyboard; sourceTree = "<group>"; };
		205706E51A34E7C10009F9F1 /* Images.xcassets */ = {isa = PBXFileReference; lastKnownFileType = folder.assetcatalog; path = Images.xcassets; sourceTree = "<group>"; };
		205706E81A34E7C10009F9F1 /* Base */ = {isa = PBXFileReference; lastKnownFileType = file.xib; name = Base; path = Base.lproj/LaunchScreen.xib; sourceTree = "<group>"; };
		205706EE1A34E7C10009F9F1 /* Glyph KeyboardTests.xctest */ = {isa = PBXFileReference; explicitFileType = wrapper.cfbundle; includeInIndex = 0; path = "Glyph KeyboardTests.xctest"; sourceTree = BUILT_PRODUCTS_DIR; };
		205706F31A34E7C10009F9F1 /* Info.plist */ = {isa = PBXFileReference; lastKnownFileType = text.plist.xml; path = Info.plist; sourceTree = "<group>"; };
		205706F41A34E7C10009F9F1 /* Glyph_KeyboardTests.swift */ = {isa = PBXFileReference; lastKnownFileType = sourcecode.swift; path = Glyph_KeyboardTests.swift; sourceTree = "<group>"; };
		205707021A34E86F0009F9F1 /* Unicode Symbols.appex */ = {isa = PBXFileReference; explicitFileType = "wrapper.app-extension"; includeInIndex = 0; path = "Unicode Symbols.appex"; sourceTree = BUILT_PRODUCTS_DIR; };
		205707051A34E8700009F9F1 /* Info.plist */ = {isa = PBXFileReference; lastKnownFileType = text.plist.xml; path = Info.plist; sourceTree = "<group>"; };
		205FD2F61CB6D547000CBD0D /* HowToViewController.swift */ = {isa = PBXFileReference; fileEncoding = 4; lastKnownFileType = sourcecode.swift; path = HowToViewController.swift; sourceTree = "<group>"; };
		20CCB8A61B4ED92E00EE290D /* Glyph Keyboard.entitlements */ = {isa = PBXFileReference; lastKnownFileType = text.xml; path = "Glyph Keyboard.entitlements"; sourceTree = "<group>"; };
		20CCB8A71B4EDF5900EE290D /* Unicode Symbols.entitlements */ = {isa = PBXFileReference; lastKnownFileType = text.xml; path = "Unicode Symbols.entitlements"; sourceTree = "<group>"; };
/* End PBXFileReference section */

/* Begin PBXFrameworksBuildPhase section */
		205706D61A34E7C10009F9F1 /* Frameworks */ = {
			isa = PBXFrameworksBuildPhase;
			buildActionMask = 2147483647;
			files = (
			);
			runOnlyForDeploymentPostprocessing = 0;
		};
		205706EB1A34E7C10009F9F1 /* Frameworks */ = {
			isa = PBXFrameworksBuildPhase;
			buildActionMask = 2147483647;
			files = (
			);
			runOnlyForDeploymentPostprocessing = 0;
		};
		205706FF1A34E86F0009F9F1 /* Frameworks */ = {
			isa = PBXFrameworksBuildPhase;
			buildActionMask = 2147483647;
			files = (
			);
			runOnlyForDeploymentPostprocessing = 0;
		};
/* End PBXFrameworksBuildPhase section */

/* Begin PBXGroup section */
		205706D01A34E7C00009F9F1 = {
			isa = PBXGroup;
			children = (
				205706DB1A34E7C10009F9F1 /* Glyph Keyboard */,
				205706F11A34E7C10009F9F1 /* Glyph KeyboardTests */,
				205707031A34E86F0009F9F1 /* Unicode Symbols */,
				205706DA1A34E7C10009F9F1 /* Products */,
			);
			sourceTree = "<group>";
		};
		205706DA1A34E7C10009F9F1 /* Products */ = {
			isa = PBXGroup;
			children = (
				205706D91A34E7C10009F9F1 /* Glyph Keyboard.app */,
				205706EE1A34E7C10009F9F1 /* Glyph KeyboardTests.xctest */,
				205707021A34E86F0009F9F1 /* Unicode Symbols.appex */,
			);
			name = Products;
			sourceTree = "<group>";
		};
		205706DB1A34E7C10009F9F1 /* Glyph Keyboard */ = {
			isa = PBXGroup;
			children = (
				20CCB8A61B4ED92E00EE290D /* Glyph Keyboard.entitlements */,
				205706DE1A34E7C10009F9F1 /* AppDelegate.swift */,
				205706E01A34E7C10009F9F1 /* ViewController.swift */,
				205FD2F61CB6D547000CBD0D /* HowToViewController.swift */,
				205706E21A34E7C10009F9F1 /* Main.storyboard */,
				205706E51A34E7C10009F9F1 /* Images.xcassets */,
				205706E71A34E7C10009F9F1 /* LaunchScreen.xib */,
				205706DC1A34E7C10009F9F1 /* Supporting Files */,
			);
			path = "Glyph Keyboard";
			sourceTree = "<group>";
		};
		205706DC1A34E7C10009F9F1 /* Supporting Files */ = {
			isa = PBXGroup;
			children = (
				205706DD1A34E7C10009F9F1 /* Info.plist */,
			);
			name = "Supporting Files";
			sourceTree = "<group>";
		};
		205706F11A34E7C10009F9F1 /* Glyph KeyboardTests */ = {
			isa = PBXGroup;
			children = (
				205706F41A34E7C10009F9F1 /* Glyph_KeyboardTests.swift */,
				205706F21A34E7C10009F9F1 /* Supporting Files */,
			);
			path = "Glyph KeyboardTests";
			sourceTree = "<group>";
		};
		205706F21A34E7C10009F9F1 /* Supporting Files */ = {
			isa = PBXGroup;
			children = (
				205706F31A34E7C10009F9F1 /* Info.plist */,
			);
			name = "Supporting Files";
			sourceTree = "<group>";
		};
		205707031A34E86F0009F9F1 /* Unicode Symbols */ = {
			isa = PBXGroup;
			children = (
				20CCB8A71B4EDF5900EE290D /* Unicode Symbols.entitlements */,
				205707041A34E8700009F9F1 /* Supporting Files */,
				200F830F1C84F8ED00981933 /* KeyboardViewController.swift */,
				2012D03A1D83490100AD9E5A /* Globe.png */,
				2012D03B1D83490100AD9E5A /* Globe@2x.png */,
				2012D03C1D83490100AD9E5A /* Globe@3x.png */,
			);
			path = "Unicode Symbols";
			sourceTree = "<group>";
		};
		205707041A34E8700009F9F1 /* Supporting Files */ = {
			isa = PBXGroup;
			children = (
				205707051A34E8700009F9F1 /* Info.plist */,
			);
			name = "Supporting Files";
			sourceTree = "<group>";
		};
/* End PBXGroup section */

/* Begin PBXNativeTarget section */
		205706D81A34E7C10009F9F1 /* Glyph Keyboard */ = {
			isa = PBXNativeTarget;
			buildConfigurationList = 205706F81A34E7C10009F9F1 /* Build configuration list for PBXNativeTarget "Glyph Keyboard" */;
			buildPhases = (
				205706D51A34E7C10009F9F1 /* Sources */,
				205706D61A34E7C10009F9F1 /* Frameworks */,
				205706D71A34E7C10009F9F1 /* Resources */,
				2057070E1A34E8700009F9F1 /* Embed App Extensions */,
			);
			buildRules = (
			);
			dependencies = (
				205707091A34E8700009F9F1 /* PBXTargetDependency */,
			);
			name = "Glyph Keyboard";
			productName = "Glyph Keyboard";
			productReference = 205706D91A34E7C10009F9F1 /* Glyph Keyboard.app */;
			productType = "com.apple.product-type.application";
		};
		205706ED1A34E7C10009F9F1 /* Glyph KeyboardTests */ = {
			isa = PBXNativeTarget;
			buildConfigurationList = 205706FB1A34E7C10009F9F1 /* Build configuration list for PBXNativeTarget "Glyph KeyboardTests" */;
			buildPhases = (
				205706EA1A34E7C10009F9F1 /* Sources */,
				205706EB1A34E7C10009F9F1 /* Frameworks */,
				205706EC1A34E7C10009F9F1 /* Resources */,
			);
			buildRules = (
			);
			dependencies = (
				205706F01A34E7C10009F9F1 /* PBXTargetDependency */,
			);
			name = "Glyph KeyboardTests";
			productName = "Glyph KeyboardTests";
			productReference = 205706EE1A34E7C10009F9F1 /* Glyph KeyboardTests.xctest */;
			productType = "com.apple.product-type.bundle.unit-test";
		};
		205707011A34E86F0009F9F1 /* Unicode Symbols */ = {
			isa = PBXNativeTarget;
			buildConfigurationList = 2057070B1A34E8700009F9F1 /* Build configuration list for PBXNativeTarget "Unicode Symbols" */;
			buildPhases = (
				205706FE1A34E86F0009F9F1 /* Sources */,
				205706FF1A34E86F0009F9F1 /* Frameworks */,
				205707001A34E86F0009F9F1 /* Resources */,
			);
			buildRules = (
			);
			dependencies = (
			);
			name = "Unicode Symbols";
			productName = "Unicode Symbols";
			productReference = 205707021A34E86F0009F9F1 /* Unicode Symbols.appex */;
			productType = "com.apple.product-type.app-extension";
		};
/* End PBXNativeTarget section */

/* Begin PBXProject section */
		205706D11A34E7C00009F9F1 /* Project object */ = {
			isa = PBXProject;
			attributes = {
				LastSwiftUpdateCheck = 0730;
				LastUpgradeCheck = 0800;
				ORGANIZATIONNAME = "Devin Glover";
				TargetAttributes = {
					205706D81A34E7C10009F9F1 = {
						CreatedOnToolsVersion = 6.1.1;
						DevelopmentTeam = 3Z9P7H6TT5;
						LastSwiftMigration = 0800;
						SystemCapabilities = {
							com.apple.ApplicationGroups.iOS = {
								enabled = 1;
							};
						};
					};
					205706ED1A34E7C10009F9F1 = {
						CreatedOnToolsVersion = 6.1.1;
						TestTargetID = 205706D81A34E7C10009F9F1;
					};
					205707011A34E86F0009F9F1 = {
						CreatedOnToolsVersion = 6.1.1;
						DevelopmentTeam = 3Z9P7H6TT5;
						LastSwiftMigration = 0800;
						SystemCapabilities = {
							com.apple.ApplicationGroups.iOS = {
								enabled = 1;
							};
						};
					};
				};
			};
			buildConfigurationList = 205706D41A34E7C00009F9F1 /* Build configuration list for PBXProject "Glyph Keyboard" */;
			compatibilityVersion = "Xcode 3.2";
			developmentRegion = English;
			hasScannedForEncodings = 0;
			knownRegions = (
				en,
				Base,
			);
			mainGroup = 205706D01A34E7C00009F9F1;
			productRefGroup = 205706DA1A34E7C10009F9F1 /* Products */;
			projectDirPath = "";
			projectRoot = "";
			targets = (
				205706D81A34E7C10009F9F1 /* Glyph Keyboard */,
				205706ED1A34E7C10009F9F1 /* Glyph KeyboardTests */,
				205707011A34E86F0009F9F1 /* Unicode Symbols */,
			);
		};
/* End PBXProject section */

/* Begin PBXResourcesBuildPhase section */
		205706D71A34E7C10009F9F1 /* Resources */ = {
			isa = PBXResourcesBuildPhase;
			buildActionMask = 2147483647;
			files = (
				205706E41A34E7C10009F9F1 /* Main.storyboard in Resources */,
				205706E91A34E7C10009F9F1 /* LaunchScreen.xib in Resources */,
				205706E61A34E7C10009F9F1 /* Images.xcassets in Resources */,
			);
			runOnlyForDeploymentPostprocessing = 0;
		};
		205706EC1A34E7C10009F9F1 /* Resources */ = {
			isa = PBXResourcesBuildPhase;
			buildActionMask = 2147483647;
			files = (
			);
			runOnlyForDeploymentPostprocessing = 0;
		};
		205707001A34E86F0009F9F1 /* Resources */ = {
			isa = PBXResourcesBuildPhase;
			buildActionMask = 2147483647;
			files = (
				2012D03F1D83490100AD9E5A /* Globe@3x.png in Resources */,
				2012D03E1D83490100AD9E5A /* Globe@2x.png in Resources */,
				2012D03D1D83490100AD9E5A /* Globe.png in Resources */,
			);
			runOnlyForDeploymentPostprocessing = 0;
		};
/* End PBXResourcesBuildPhase section */

/* Begin PBXSourcesBuildPhase section */
		205706D51A34E7C10009F9F1 /* Sources */ = {
			isa = PBXSourcesBuildPhase;
			buildActionMask = 2147483647;
			files = (
				205FD2F71CB6D547000CBD0D /* HowToViewController.swift in Sources */,
				205706E11A34E7C10009F9F1 /* ViewController.swift in Sources */,
				205706DF1A34E7C10009F9F1 /* AppDelegate.swift in Sources */,
			);
			runOnlyForDeploymentPostprocessing = 0;
		};
		205706EA1A34E7C10009F9F1 /* Sources */ = {
			isa = PBXSourcesBuildPhase;
			buildActionMask = 2147483647;
			files = (
				205706F51A34E7C10009F9F1 /* Glyph_KeyboardTests.swift in Sources */,
			);
			runOnlyForDeploymentPostprocessing = 0;
		};
		205706FE1A34E86F0009F9F1 /* Sources */ = {
			isa = PBXSourcesBuildPhase;
			buildActionMask = 2147483647;
			files = (
				200F83101C84F8ED00981933 /* KeyboardViewController.swift in Sources */,
			);
			runOnlyForDeploymentPostprocessing = 0;
		};
/* End PBXSourcesBuildPhase section */

/* Begin PBXTargetDependency section */
		205706F01A34E7C10009F9F1 /* PBXTargetDependency */ = {
			isa = PBXTargetDependency;
			target = 205706D81A34E7C10009F9F1 /* Glyph Keyboard */;
			targetProxy = 205706EF1A34E7C10009F9F1 /* PBXContainerItemProxy */;
		};
		205707091A34E8700009F9F1 /* PBXTargetDependency */ = {
			isa = PBXTargetDependency;
			target = 205707011A34E86F0009F9F1 /* Unicode Symbols */;
			targetProxy = 205707081A34E8700009F9F1 /* PBXContainerItemProxy */;
		};
/* End PBXTargetDependency section */

/* Begin PBXVariantGroup section */
		205706E21A34E7C10009F9F1 /* Main.storyboard */ = {
			isa = PBXVariantGroup;
			children = (
				205706E31A34E7C10009F9F1 /* Base */,
			);
			name = Main.storyboard;
			sourceTree = "<group>";
		};
		205706E71A34E7C10009F9F1 /* LaunchScreen.xib */ = {
			isa = PBXVariantGroup;
			children = (
				205706E81A34E7C10009F9F1 /* Base */,
			);
			name = LaunchScreen.xib;
			sourceTree = "<group>";
		};
/* End PBXVariantGroup section */

/* Begin XCBuildConfiguration section */
		205706F61A34E7C10009F9F1 /* Debug */ = {
			isa = XCBuildConfiguration;
			buildSettings = {
				ALWAYS_SEARCH_USER_PATHS = NO;
				CLANG_CXX_LANGUAGE_STANDARD = "gnu++0x";
				CLANG_CXX_LIBRARY = "libc++";
				CLANG_ENABLE_MODULES = YES;
				CLANG_ENABLE_OBJC_ARC = YES;
				CLANG_WARN_BOOL_CONVERSION = YES;
				CLANG_WARN_CONSTANT_CONVERSION = YES;
				CLANG_WARN_DIRECT_OBJC_ISA_USAGE = YES_ERROR;
				CLANG_WARN_EMPTY_BODY = YES;
				CLANG_WARN_ENUM_CONVERSION = YES;
				CLANG_WARN_INFINITE_RECURSION = YES;
				CLANG_WARN_INT_CONVERSION = YES;
				CLANG_WARN_OBJC_ROOT_CLASS = YES_ERROR;
				CLANG_WARN_SUSPICIOUS_MOVE = YES;
				CLANG_WARN_UNREACHABLE_CODE = YES;
				CLANG_WARN__DUPLICATE_METHOD_MATCH = YES;
				"CODE_SIGN_IDENTITY[sdk=iphoneos*]" = "iPhone Developer";
				COPY_PHASE_STRIP = NO;
				ENABLE_STRICT_OBJC_MSGSEND = YES;
				ENABLE_TESTABILITY = YES;
				GCC_C_LANGUAGE_STANDARD = gnu99;
				GCC_DYNAMIC_NO_PIC = NO;
				GCC_NO_COMMON_BLOCKS = YES;
				GCC_OPTIMIZATION_LEVEL = 0;
				GCC_PREPROCESSOR_DEFINITIONS = (
					"DEBUG=1",
					"$(inherited)",
				);
				GCC_SYMBOLS_PRIVATE_EXTERN = NO;
				GCC_WARN_64_TO_32_BIT_CONVERSION = YES;
				GCC_WARN_ABOUT_RETURN_TYPE = YES_ERROR;
				GCC_WARN_UNDECLARED_SELECTOR = YES;
				GCC_WARN_UNINITIALIZED_AUTOS = YES_AGGRESSIVE;
				GCC_WARN_UNUSED_FUNCTION = YES;
				GCC_WARN_UNUSED_VARIABLE = YES;
				IPHONEOS_DEPLOYMENT_TARGET = 8.3;
				MTL_ENABLE_DEBUG_INFO = YES;
				ONLY_ACTIVE_ARCH = YES;
				SDKROOT = iphoneos;
				SWIFT_OPTIMIZATION_LEVEL = "-Onone";
				TARGETED_DEVICE_FAMILY = "1,2";
			};
			name = Debug;
		};
		205706F71A34E7C10009F9F1 /* Release */ = {
			isa = XCBuildConfiguration;
			buildSettings = {
				ALWAYS_SEARCH_USER_PATHS = NO;
				CLANG_CXX_LANGUAGE_STANDARD = "gnu++0x";
				CLANG_CXX_LIBRARY = "libc++";
				CLANG_ENABLE_MODULES = YES;
				CLANG_ENABLE_OBJC_ARC = YES;
				CLANG_WARN_BOOL_CONVERSION = YES;
				CLANG_WARN_CONSTANT_CONVERSION = YES;
				CLANG_WARN_DIRECT_OBJC_ISA_USAGE = YES_ERROR;
				CLANG_WARN_EMPTY_BODY = YES;
				CLANG_WARN_ENUM_CONVERSION = YES;
				CLANG_WARN_INFINITE_RECURSION = YES;
				CLANG_WARN_INT_CONVERSION = YES;
				CLANG_WARN_OBJC_ROOT_CLASS = YES_ERROR;
				CLANG_WARN_SUSPICIOUS_MOVE = YES;
				CLANG_WARN_UNREACHABLE_CODE = YES;
				CLANG_WARN__DUPLICATE_METHOD_MATCH = YES;
				"CODE_SIGN_IDENTITY[sdk=iphoneos*]" = "iPhone Developer";
				COPY_PHASE_STRIP = YES;
				ENABLE_NS_ASSERTIONS = NO;
				ENABLE_STRICT_OBJC_MSGSEND = YES;
				GCC_C_LANGUAGE_STANDARD = gnu99;
				GCC_NO_COMMON_BLOCKS = YES;
				GCC_WARN_64_TO_32_BIT_CONVERSION = YES;
				GCC_WARN_ABOUT_RETURN_TYPE = YES_ERROR;
				GCC_WARN_UNDECLARED_SELECTOR = YES;
				GCC_WARN_UNINITIALIZED_AUTOS = YES_AGGRESSIVE;
				GCC_WARN_UNUSED_FUNCTION = YES;
				GCC_WARN_UNUSED_VARIABLE = YES;
				IPHONEOS_DEPLOYMENT_TARGET = 8.3;
				MTL_ENABLE_DEBUG_INFO = NO;
				SDKROOT = iphoneos;
				SWIFT_OPTIMIZATION_LEVEL = "-Owholemodule";
				TARGETED_DEVICE_FAMILY = "1,2";
				VALIDATE_PRODUCT = YES;
			};
			name = Release;
		};
		205706F91A34E7C10009F9F1 /* Debug */ = {
			isa = XCBuildConfiguration;
			buildSettings = {
				ALWAYS_EMBED_SWIFT_STANDARD_LIBRARIES = YES;
				ASSETCATALOG_COMPILER_APPICON_NAME = AppIcon;
				CODE_SIGN_ENTITLEMENTS = "Glyph Keyboard/Glyph Keyboard.entitlements";
				CODE_SIGN_IDENTITY = "iPhone Developer";
				"CODE_SIGN_IDENTITY[sdk=iphoneos*]" = "iPhone Developer";
				INFOPLIST_FILE = "Glyph Keyboard/Info.plist";
				IPHONEOS_DEPLOYMENT_TARGET = 8.3;
				LD_RUNPATH_SEARCH_PATHS = "$(inherited) @executable_path/Frameworks";
				PRODUCT_BUNDLE_IDENTIFIER = "com.devinglover.Glyph-Keyboard";
				PRODUCT_NAME = "$(TARGET_NAME)";
				PROVISIONING_PROFILE = "";
				SWIFT_VERSION = 3.0;
				TARGETED_DEVICE_FAMILY = "1,2";
			};
			name = Debug;
		};
		205706FA1A34E7C10009F9F1 /* Release */ = {
			isa = XCBuildConfiguration;
			buildSettings = {
				ALWAYS_EMBED_SWIFT_STANDARD_LIBRARIES = YES;
				ASSETCATALOG_COMPILER_APPICON_NAME = AppIcon;
				CODE_SIGN_ENTITLEMENTS = "Glyph Keyboard/Glyph Keyboard.entitlements";
				CODE_SIGN_IDENTITY = "iPhone Developer";
				"CODE_SIGN_IDENTITY[sdk=iphoneos*]" = "iPhone Developer";
				INFOPLIST_FILE = "Glyph Keyboard/Info.plist";
				IPHONEOS_DEPLOYMENT_TARGET = 8.3;
				LD_RUNPATH_SEARCH_PATHS = "$(inherited) @executable_path/Frameworks";
				PRODUCT_BUNDLE_IDENTIFIER = "com.devinglover.Glyph-Keyboard";
				PRODUCT_NAME = "$(TARGET_NAME)";
				PROVISIONING_PROFILE = "";
				SWIFT_VERSION = 3.0;
				TARGETED_DEVICE_FAMILY = "1,2";
			};
			name = Release;
		};
		205706FC1A34E7C10009F9F1 /* Debug */ = {
			isa = XCBuildConfiguration;
			buildSettings = {
				BUNDLE_LOADER = "$(TEST_HOST)";
				FRAMEWORK_SEARCH_PATHS = (
					"$(SDKROOT)/Developer/Library/Frameworks",
					"$(inherited)",
				);
				GCC_PREPROCESSOR_DEFINITIONS = (
					"DEBUG=1",
					"$(inherited)",
				);
				INFOPLIST_FILE = "Glyph KeyboardTests/Info.plist";
				LD_RUNPATH_SEARCH_PATHS = "$(inherited) @executable_path/Frameworks @loader_path/Frameworks";
				PRODUCT_BUNDLE_IDENTIFIER = "com.zokunei.$(PRODUCT_NAME:rfc1034identifier)";
				PRODUCT_NAME = "$(TARGET_NAME)";
				TEST_HOST = "$(BUILT_PRODUCTS_DIR)/Glyph Keyboard.app/Glyph Keyboard";
			};
			name = Debug;
		};
		205706FD1A34E7C10009F9F1 /* Release */ = {
			isa = XCBuildConfiguration;
			buildSettings = {
				BUNDLE_LOADER = "$(TEST_HOST)";
				FRAMEWORK_SEARCH_PATHS = (
					"$(SDKROOT)/Developer/Library/Frameworks",
					"$(inherited)",
				);
				INFOPLIST_FILE = "Glyph KeyboardTests/Info.plist";
				LD_RUNPATH_SEARCH_PATHS = "$(inherited) @executable_path/Frameworks @loader_path/Frameworks";
				PRODUCT_BUNDLE_IDENTIFIER = "com.zokunei.$(PRODUCT_NAME:rfc1034identifier)";
				PRODUCT_NAME = "$(TARGET_NAME)";
				TEST_HOST = "$(BUILT_PRODUCTS_DIR)/Glyph Keyboard.app/Glyph Keyboard";
			};
			name = Release;
		};
		2057070C1A34E8700009F9F1 /* Debug */ = {
			isa = XCBuildConfiguration;
			buildSettings = {
				CLANG_ENABLE_MODULES = YES;
				CODE_SIGN_ENTITLEMENTS = "Unicode Symbols/Unicode Symbols.entitlements";
				CODE_SIGN_IDENTITY = "iPhone Developer";
				"CODE_SIGN_IDENTITY[sdk=iphoneos*]" = "iPhone Developer";
				GCC_PREPROCESSOR_DEFINITIONS = (
					"DEBUG=1",
					"$(inherited)",
				);
				INFOPLIST_FILE = "Unicode Symbols/Info.plist";
				IPHONEOS_DEPLOYMENT_TARGET = 8.3;
				LD_RUNPATH_SEARCH_PATHS = "$(inherited) @executable_path/Frameworks @executable_path/../../Frameworks";
				PRODUCT_BUNDLE_IDENTIFIER = "com.devinglover.Glyph-Keyboard.Unicode-Symbols";
				PRODUCT_NAME = "$(TARGET_NAME)";
				PROVISIONING_PROFILE = "";
				SKIP_INSTALL = YES;
				SWIFT_OPTIMIZATION_LEVEL = "-Onone";
				SWIFT_VERSION = 3.0;
			};
			name = Debug;
		};
		2057070D1A34E8700009F9F1 /* Release */ = {
			isa = XCBuildConfiguration;
			buildSettings = {
				CLANG_ENABLE_MODULES = YES;
				CODE_SIGN_ENTITLEMENTS = "Unicode Symbols/Unicode Symbols.entitlements";
				CODE_SIGN_IDENTITY = "iPhone Developer";
				"CODE_SIGN_IDENTITY[sdk=iphoneos*]" = "iPhone Developer";
				INFOPLIST_FILE = "Unicode Symbols/Info.plist";
				IPHONEOS_DEPLOYMENT_TARGET = 8.3;
				LD_RUNPATH_SEARCH_PATHS = "$(inherited) @executable_path/Frameworks @executable_path/../../Frameworks";
				PRODUCT_BUNDLE_IDENTIFIER = "com.devinglover.Glyph-Keyboard.Unicode-Symbols";
				PRODUCT_NAME = "$(TARGET_NAME)";
				PROVISIONING_PROFILE = "";
				SKIP_INSTALL = YES;
				SWIFT_VERSION = 3.0;
			};
			name = Release;
		};
/* End XCBuildConfiguration section */

/* Begin XCConfigurationList section */
		205706D41A34E7C00009F9F1 /* Build configuration list for PBXProject "Glyph Keyboard" */ = {
			isa = XCConfigurationList;
			buildConfigurations = (
				205706F61A34E7C10009F9F1 /* Debug */,
				205706F71A34E7C10009F9F1 /* Release */,
			);
			defaultConfigurationIsVisible = 0;
			defaultConfigurationName = Release;
		};
		205706F81A34E7C10009F9F1 /* Build configuration list for PBXNativeTarget "Glyph Keyboard" */ = {
			isa = XCConfigurationList;
			buildConfigurations = (
				205706F91A34E7C10009F9F1 /* Debug */,
				205706FA1A34E7C10009F9F1 /* Release */,
			);
			defaultConfigurationIsVisible = 0;
			defaultConfigurationName = Release;
		};
		205706FB1A34E7C10009F9F1 /* Build configuration list for PBXNativeTarget "Glyph KeyboardTests" */ = {
			isa = XCConfigurationList;
			buildConfigurations = (
				205706FC1A34E7C10009F9F1 /* Debug */,
				205706FD1A34E7C10009F9F1 /* Release */,
			);
			defaultConfigurationIsVisible = 0;
			defaultConfigurationName = Release;
		};
		2057070B1A34E8700009F9F1 /* Build configuration list for PBXNativeTarget "Unicode Symbols" */ = {
			isa = XCConfigurationList;
			buildConfigurations = (
				2057070C1A34E8700009F9F1 /* Debug */,
				2057070D1A34E8700009F9F1 /* Release */,
			);
			defaultConfigurationIsVisible = 0;
			defaultConfigurationName = Release;
		};
/* End XCConfigurationList section */
	};
	rootObject = 205706D11A34E7C00009F9F1 /* Project object */;
}
